
Microsoft Visual Studio Solution File, Format Version 12.00
# Visual Studio Version 17
VisualStudioVersion = 17.6.33829.357
MinimumVisualStudioVersion = 10.0.40219.1
Project("{FAE04EC0-301F-11D3-BF4B-00C04F79EFBC}") = "BeatrunAnimInstaller", "BeatrunAnimInstaller.csproj", "{6096D195-BC98-4E67-86F7-CBD21A427405}"
EndProject
Global
	GlobalSection(SolutionConfigurationPlatforms) = preSolution
		Debug|Any CPU = Debug|Any CPU
		Release|Any CPU = Release|Any CPU
	EndGlobalSection
	GlobalSection(ProjectConfigurationPlatforms) = postSolution
		{6096D195-BC98-4E67-86F7-CBD21A427405}.Debug|Any CPU.ActiveCfg = Debug|Any CPU
		{6096D195-BC98-4E67-86F7-CBD21A427405}.Debug|Any CPU.Build.0 = Debug|Any CPU
		{6096D195-BC98-4E67-86F7-CBD21A427405}.Release|Any CPU.ActiveCfg = Release|Any CPU
		{6096D195-BC98-4E67-86F7-CBD21A427405}.Release|Any CPU.Build.0 = Release|Any CPU
	EndGlobalSection
	GlobalSection(SolutionProperties) = preSolution
		HideSolutionNode = FALSE
	EndGlobalSection
	GlobalSection(ExtensibilityGlobals) = postSolution
		SolutionGuid = {A9FCE6D1-6D4B-4DFB-91A2-DCC7E79299D8}
	EndGlobalSection
EndGlobal
